
Microsoft Visual Studio Solution File, Format Version 12.00
# Visual Studio Version 16
VisualStudioVersion = 16.0.29215.179
MinimumVisualStudioVersion = 10.0.40219.1
Project("{9A19103F-16F7-4668-BE54-9A1E7A4F7556}") = "CSharp", "CSharp\CSharp.csproj", "{F663D877-08B1-48CD-83F8-129EF09D1787}"
EndProject
Project("{FAE04EC0-301F-11D3-BF4B-00C04F79EFBC}") = "CSharp.NetFramework", "CSharp.NetFramework\CSharp.NetFramework.csproj", "{087FEEC5-F2DE-4BA6-A96A-5DBEB95A2B77}"
EndProject
Project("{FAE04EC0-301F-11D3-BF4B-00C04F79EFBC}") = "CSharp.MonitorApp", "CSharp.MonitorApp\CSharp.MonitorApp.csproj", "{B1DD15C3-BA53-4654-AA8F-133814682864}"
EndProject
Project("{FAE04EC0-301F-11D3-BF4B-00C04F79EFBC}") = "CSharp.Model", "CSharp.Model\CSharp.Model.csproj", "{82016888-8910-46FB-8D59-9257B3911E45}"
EndProject
Project("{9A19103F-16F7-4668-BE54-9A1E7A4F7556}") = "aliyun-net-sdk-core.vs2017", "aliyun-net-sdk-core\aliyun-net-sdk-core.vs2017.csproj", "{5867D2D7-970B-431A-9F92-9A6909E3B529}"
EndProject
Global
	GlobalSection(SolutionConfigurationPlatforms) = preSolution
		Debug|Any CPU = Debug|Any CPU
		Debug|x64 = Debug|x64
		Debug|x86 = Debug|x86
		Release|Any CPU = Release|Any CPU
		Release|x64 = Release|x64
		Release|x86 = Release|x86
	EndGlobalSection
	GlobalSection(ProjectConfigurationPlatforms) = postSolution
		{F663D877-08B1-48CD-83F8-129EF09D1787}.Debug|Any CPU.ActiveCfg = Debug|Any CPU
		{F663D877-08B1-48CD-83F8-129EF09D1787}.Debug|Any CPU.Build.0 = Debug|Any CPU
		{F663D877-08B1-48CD-83F8-129EF09D1787}.Debug|x64.ActiveCfg = Debug|Any CPU
		{F663D877-08B1-48CD-83F8-129EF09D1787}.Debug|x64.Build.0 = Debug|Any CPU
		{F663D877-08B1-48CD-83F8-129EF09D1787}.Debug|x86.ActiveCfg = Debug|Any CPU
		{F663D877-08B1-48CD-83F8-129EF09D1787}.Debug|x86.Build.0 = Debug|Any CPU
		{F663D877-08B1-48CD-83F8-129EF09D1787}.Release|Any CPU.ActiveCfg = Release|Any CPU
		{F663D877-08B1-48CD-83F8-129EF09D1787}.Release|Any CPU.Build.0 = Release|Any CPU
		{F663D877-08B1-48CD-83F8-129EF09D1787}.Release|x64.ActiveCfg = Release|Any CPU
		{F663D877-08B1-48CD-83F8-129EF09D1787}.Release|x64.Build.0 = Release|Any CPU
		{F663D877-08B1-48CD-83F8-129EF09D1787}.Release|x86.ActiveCfg = Release|Any CPU
		{F663D877-08B1-48CD-83F8-129EF09D1787}.Release|x86.Build.0 = Release|Any CPU
		{087FEEC5-F2DE-4BA6-A96A-5DBEB95A2B77}.Debug|Any CPU.ActiveCfg = Debug|Any CPU
		{087FEEC5-F2DE-4BA6-A96A-5DBEB95A2B77}.Debug|Any CPU.Build.0 = Debug|Any CPU
		{087FEEC5-F2DE-4BA6-A96A-5DBEB95A2B77}.Debug|x64.ActiveCfg = Debug|x64
		{087FEEC5-F2DE-4BA6-A96A-5DBEB95A2B77}.Debug|x64.Build.0 = Debug|x64
		{087FEEC5-F2DE-4BA6-A96A-5DBEB95A2B77}.Debug|x86.ActiveCfg = Debug|x86
		{087FEEC5-F2DE-4BA6-A96A-5DBEB95A2B77}.Debug|x86.Build.0 = Debug|x86
		{087FEEC5-F2DE-4BA6-A96A-5DBEB95A2B77}.Release|Any CPU.ActiveCfg = Release|Any CPU
		{087FEEC5-F2DE-4BA6-A96A-5DBEB95A2B77}.Release|Any CPU.Build.0 = Release|Any CPU
		{087FEEC5-F2DE-4BA6-A96A-5DBEB95A2B77}.Release|x64.ActiveCfg = Release|x64
		{087FEEC5-F2DE-4BA6-A96A-5DBEB95A2B77}.Release|x64.Build.0 = Release|x64
		{087FEEC5-F2DE-4BA6-A96A-5DBEB95A2B77}.Release|x86.ActiveCfg = Release|x86
		{087FEEC5-F2DE-4BA6-A96A-5DBEB95A2B77}.Release|x86.Build.0 = Release|x86
		{B1DD15C3-BA53-4654-AA8F-133814682864}.Debug|Any CPU.ActiveCfg = Debug|Any CPU
		{B1DD15C3-BA53-4654-AA8F-133814682864}.Debug|Any CPU.Build.0 = Debug|Any CPU
		{B1DD15C3-BA53-4654-AA8F-133814682864}.Debug|x64.ActiveCfg = Debug|x64
		{B1DD15C3-BA53-4654-AA8F-133814682864}.Debug|x64.Build.0 = Debug|x64
		{B1DD15C3-BA53-4654-AA8F-133814682864}.Debug|x86.ActiveCfg = Debug|x86
		{B1DD15C3-BA53-4654-AA8F-133814682864}.Debug|x86.Build.0 = Debug|x86
		{B1DD15C3-BA53-4654-AA8F-133814682864}.Release|Any CPU.ActiveCfg = Release|Any CPU
		{B1DD15C3-BA53-4654-AA8F-133814682864}.Release|Any CPU.Build.0 = Release|Any CPU
		{B1DD15C3-BA53-4654-AA8F-133814682864}.Release|x64.ActiveCfg = Release|x64
		{B1DD15C3-BA53-4654-AA8F-133814682864}.Release|x64.Build.0 = Release|x64
		{B1DD15C3-BA53-4654-AA8F-133814682864}.Release|x86.ActiveCfg = Release|x86
		{B1DD15C3-BA53-4654-AA8F-133814682864}.Release|x86.Build.0 = Release|x86
		{82016888-8910-46FB-8D59-9257B3911E45}.Debug|Any CPU.ActiveCfg = Debug|Any CPU
		{82016888-8910-46FB-8D59-9257B3911E45}.Debug|Any CPU.Build.0 = Debug|Any CPU
		{82016888-8910-46FB-8D59-9257B3911E45}.Debug|x64.ActiveCfg = Debug|x64
		{82016888-8910-46FB-8D59-9257B3911E45}.Debug|x64.Build.0 = Debug|x64
		{82016888-8910-46FB-8D59-9257B3911E45}.Debug|x86.ActiveCfg = Debug|x86
		{82016888-8910-46FB-8D59-9257B3911E45}.Debug|x86.Build.0 = Debug|x86
		{82016888-8910-46FB-8D59-9257B3911E45}.Release|Any CPU.ActiveCfg = Release|Any CPU
		{82016888-8910-46FB-8D59-9257B3911E45}.Release|Any CPU.Build.0 = Release|Any CPU
		{82016888-8910-46FB-8D59-9257B3911E45}.Release|x64.ActiveCfg = Release|x64
		{82016888-8910-46FB-8D59-9257B3911E45}.Release|x64.Build.0 = Release|x64
		{82016888-8910-46FB-8D59-9257B3911E45}.Release|x86.ActiveCfg = Release|x86
		{82016888-8910-46FB-8D59-9257B3911E45}.Release|x86.Build.0 = Release|x86
		{5867D2D7-970B-431A-9F92-9A6909E3B529}.Debug|Any CPU.ActiveCfg = Debug|Any CPU
		{5867D2D7-970B-431A-9F92-9A6909E3B529}.Debug|Any CPU.Build.0 = Debug|Any CPU
		{5867D2D7-970B-431A-9F92-9A6909E3B529}.Debug|x64.ActiveCfg = Debug|x64
		{5867D2D7-970B-431A-9F92-9A6909E3B529}.Debug|x64.Build.0 = Debug|x64
		{5867D2D7-970B-431A-9F92-9A6909E3B529}.Debug|x86.ActiveCfg = Debug|x86
		{5867D2D7-970B-431A-9F92-9A6909E3B529}.Debug|x86.Build.0 = Debug|x86
		{5867D2D7-970B-431A-9F92-9A6909E3B529}.Release|Any CPU.ActiveCfg = Release|Any CPU
		{5867D2D7-970B-431A-9F92-9A6909E3B529}.Release|Any CPU.Build.0 = Release|Any CPU
		{5867D2D7-970B-431A-9F92-9A6909E3B529}.Release|x64.ActiveCfg = Release|x64
		{5867D2D7-970B-431A-9F92-9A6909E3B529}.Release|x64.Build.0 = Release|x64
		{5867D2D7-970B-431A-9F92-9A6909E3B529}.Release|x86.ActiveCfg = Release|x86
		{5867D2D7-970B-431A-9F92-9A6909E3B529}.Release|x86.Build.0 = Release|x86
	EndGlobalSection
	GlobalSection(SolutionProperties) = preSolution
		HideSolutionNode = FALSE
	EndGlobalSection
	GlobalSection(ExtensibilityGlobals) = postSolution
		SolutionGuid = {D36FC663-C262-4B12-98FC-156D39EA83D3}
	EndGlobalSection
EndGlobal
